{
  "version": 4,
  "terraform_version": "1.2.0",
  "serial": 3,
  "lineage": "45b9f48d-736c-ab4e-9ce5-b1d210a06cbb",
  "outputs": {},
  "resources": [
    {
      "module": "module.sa",
      "mode": "managed",
      "type": "google_service_account",
      "name": "service_account",
      "provider": "provider[\"registry.terraform.io/hashicorp/google\"]",
      "instances": [
        {
          "schema_version": 0,
          "attributes": {
            "account_id": "kubecloud-sa",
            "description": "",
            "disabled": false,
            "display_name": "Service account: kubecloud-sa",
            "email": "kubecloud-sa@kubecloud-404510.iam.gserviceaccount.com",
            "id": "projects/kubecloud-404510/serviceAccounts/kubecloud-sa@kubecloud-404510.iam.gserviceaccount.com",
            "member": "serviceAccount:kubecloud-sa@kubecloud-404510.iam.gserviceaccount.com",
            "name": "projects/kubecloud-404510/serviceAccounts/kubecloud-sa@kubecloud-404510.iam.gserviceaccount.com",
            "project": "kubecloud-404510",
            "timeouts": null,
            "unique_id": "114640339128907101020"
          },
          "sensitive_attributes": [],
          "private": "eyJlMmJmYjczMC1lY2FhLTExZTYtOGY4OC0zNDM2M2JjN2M0YzAiOnsiY3JlYXRlIjozMDAwMDAwMDAwMDB9fQ=="
        }
      ]
    }
  ]
}
