{
  "version": 4,
  "terraform_version": "1.2.0",
  "serial": 34,
  "lineage": "429d9cc4-e054-9d7d-b027-d1c546de84ac",
  "outputs": {},
  "resources": [
    {
      "mode": "data",
      "type": "google_project",
      "name": "project",
      "provider": "provider[\"registry.terraform.io/hashicorp/google\"]",
      "instances": [
        {
          "schema_version": 0,
          "attributes": {
            "auto_create_network": null,
            "billing_account": "01D08E-6FD9BD-CB510C",
            "effective_labels": {},
            "folder_id": null,
            "id": "projects/kubecloud-404510",
            "labels": {},
            "name": "Kubecloud",
            "number": "397075424238",
            "org_id": null,
            "project_id": "kubecloud-404510",
            "skip_delete": null,
            "terraform_labels": {}
          },
          "sensitive_attributes": []
        }
      ]
    },
    {
      "mode": "data",
      "type": "google_storage_project_service_account",
      "name": "gcs_account",
      "provider": "provider[\"registry.terraform.io/hashicorp/google\"]",
      "instances": [
        {
          "schema_version": 0,
          "attributes": {
            "email_address": "service-397075424238@gs-project-accounts.iam.gserviceaccount.com",
            "id": "service-397075424238@gs-project-accounts.iam.gserviceaccount.com",
            "member": "serviceAccount:service-397075424238@gs-project-accounts.iam.gserviceaccount.com",
            "project": "kubecloud-404510",
            "user_project": null
          },
          "sensitive_attributes": []
        }
      ]
    },
    {
      "module": "module.storage_bucket",
      "mode": "managed",
      "type": "google_kms_crypto_key",
      "name": "bucket",
      "provider": "provider[\"registry.terraform.io/hashicorp/google\"]",
      "instances": [
        {
          "schema_version": 1,
          "attributes": {
            "destroy_scheduled_duration": "86400s",
            "effective_labels": {},
            "id": "projects/kubecloud-404510/locations/us/keyRings/infrastructure-tfstate-kubecloud-404510/cryptoKeys/infrastructure-tfstate-kubecloud-404510",
            "import_only": false,
            "key_ring": "projects/kubecloud-404510/locations/us/keyRings/infrastructure-tfstate-kubecloud-404510",
            "labels": {},
            "name": "infrastructure-tfstate-kubecloud-404510",
            "purpose": "ENCRYPT_DECRYPT",
            "rotation_period": "86400s",
            "skip_initial_version_creation": false,
            "terraform_labels": {},
            "timeouts": null,
            "version_template": [
              {
                "algorithm": "GOOGLE_SYMMETRIC_ENCRYPTION",
                "protection_level": "SOFTWARE"
              }
            ]
          },
          "sensitive_attributes": [],
          "private": "eyJlMmJmYjczMC1lY2FhLTExZTYtOGY4OC0zNDM2M2JjN2M0YzAiOnsiY3JlYXRlIjoxMjAwMDAwMDAwMDAwLCJkZWxldGUiOjEyMDAwMDAwMDAwMDAsInVwZGF0ZSI6MTIwMDAwMDAwMDAwMH0sInNjaGVtYV92ZXJzaW9uIjoiMSJ9",
          "dependencies": [
            "module.storage_bucket.google_kms_key_ring.bucket"
          ]
        }
      ]
    },
    {
      "module": "module.storage_bucket",
      "mode": "managed",
      "type": "google_kms_key_ring",
      "name": "bucket",
      "provider": "provider[\"registry.terraform.io/hashicorp/google\"]",
      "instances": [
        {
          "schema_version": 0,
          "attributes": {
            "id": "projects/kubecloud-404510/locations/us/keyRings/infrastructure-tfstate-kubecloud-404510",
            "location": "us",
            "name": "infrastructure-tfstate-kubecloud-404510",
            "project": "kubecloud-404510",
            "timeouts": null
          },
          "sensitive_attributes": [],
          "private": "eyJlMmJmYjczMC1lY2FhLTExZTYtOGY4OC0zNDM2M2JjN2M0YzAiOnsiY3JlYXRlIjoxMjAwMDAwMDAwMDAwLCJkZWxldGUiOjEyMDAwMDAwMDAwMDB9fQ=="
        }
      ]
    },
    {
      "module": "module.storage_bucket",
      "mode": "managed",
      "type": "google_project_iam_member",
      "name": "default",
      "provider": "provider[\"registry.terraform.io/hashicorp/google\"]",
      "instances": [
        {
          "schema_version": 0,
          "attributes": {
            "condition": [],
            "etag": "BwYJpJSwUpI=",
            "id": "397075424238/roles/cloudkms.cryptoKeyEncrypterDecrypter/serviceAccount:service-397075424238@gs-project-accounts.iam.gserviceaccount.com",
            "member": "serviceAccount:service-397075424238@gs-project-accounts.iam.gserviceaccount.com",
            "project": "397075424238",
            "role": "roles/cloudkms.cryptoKeyEncrypterDecrypter"
          },
          "sensitive_attributes": [],
          "private": "bnVsbA==",
          "dependencies": [
            "data.google_project.project",
            "data.google_storage_project_service_account.gcs_account"
          ]
        }
      ]
    },
    {
      "module": "module.storage_bucket",
      "mode": "managed",
      "type": "google_storage_bucket",
      "name": "bucket",
      "provider": "provider[\"registry.terraform.io/hashicorp/google\"]",
      "instances": [
        {
          "schema_version": 1,
          "attributes": {
            "autoclass": [],
            "cors": [],
            "custom_placement_config": [],
            "default_event_based_hold": false,
            "effective_labels": {},
            "enable_object_retention": false,
            "encryption": [
              {
                "default_kms_key_name": "projects/kubecloud-404510/locations/us/keyRings/infrastructure-tfstate-kubecloud-404510/cryptoKeys/infrastructure-tfstate-kubecloud-404510"
              }
            ],
            "force_destroy": false,
            "id": "infrastructure-tfstate-kubecloud-404510",
            "labels": {},
            "lifecycle_rule": [],
            "location": "US",
            "logging": [],
            "name": "infrastructure-tfstate-kubecloud-404510",
            "project": "kubecloud-404510",
            "public_access_prevention": "inherited",
            "requester_pays": false,
            "retention_policy": [],
            "self_link": "https://www.googleapis.com/storage/v1/b/infrastructure-tfstate-kubecloud-404510",
            "storage_class": "STANDARD",
            "terraform_labels": {},
            "timeouts": null,
            "uniform_bucket_level_access": false,
            "url": "gs://infrastructure-tfstate-kubecloud-404510",
            "versioning": [
              {
                "enabled": true
              }
            ],
            "website": []
          },
          "sensitive_attributes": [],
          "private": "eyJlMmJmYjczMC1lY2FhLTExZTYtOGY4OC0zNDM2M2JjN2M0YzAiOnsiY3JlYXRlIjo2MDAwMDAwMDAwMDAsInJlYWQiOjI0MDAwMDAwMDAwMCwidXBkYXRlIjoyNDAwMDAwMDAwMDB9LCJzY2hlbWFfdmVyc2lvbiI6IjEifQ==",
          "dependencies": [
            "data.google_project.project",
            "data.google_storage_project_service_account.gcs_account",
            "module.storage_bucket.google_kms_crypto_key.bucket",
            "module.storage_bucket.google_kms_key_ring.bucket",
            "module.storage_bucket.google_project_iam_member.default"
          ]
        }
      ]
    }
  ]
}
